
Microsoft Visual Studio Solution File, Format Version 12.00
# Visual Studio Version 17
VisualStudioVersion = 17.11.35327.3
MinimumVisualStudioVersion = 10.0.40219.1
Project("{9A19103F-16F7-4668-BE54-9A1E7A4F7556}") = "ToDoApplication", "ToDoApplication\ToDoApplication.csproj", "{37361903-730E-4A68-ADD6-B1AC57030D6B}"
EndProject
Project("{2150E333-8FDC-42A3-9474-1A3956D46DE8}") = "Domain", "Domain", "{BF667C1D-60F1-4B9F-8E21-A8ECB5BC60A6}"
EndProject
Project("{2150E333-8FDC-42A3-9474-1A3956D46DE8}") = "Application", "Application", "{52090F6D-FE63-413F-B429-E7914099999B}"
EndProject
Project("{2150E333-8FDC-42A3-9474-1A3956D46DE8}") = "Infrastructure", "Infrastructure", "{984293DE-88F3-4314-B09D-D3A78BD415AD}"
EndProject
Project("{2150E333-8FDC-42A3-9474-1A3956D46DE8}") = "WebAPI", "WebAPI", "{AD4BA1FE-0990-4688-964D-41782D63E11E}"
EndProject
Project("{9A19103F-16F7-4668-BE54-9A1E7A4F7556}") = "Domain", "Domain\Domain.csproj", "{362F5253-2D65-4156-A153-A731FDD0116B}"
EndProject
Project("{9A19103F-16F7-4668-BE54-9A1E7A4F7556}") = "Application", "Application\Application.csproj", "{1F1B0176-38F8-45DB-A3EA-8D1F34EAF06D}"
EndProject
Project("{9A19103F-16F7-4668-BE54-9A1E7A4F7556}") = "Infrastructure", "Infrastructure\Infrastructure.csproj", "{BD943A12-11DE-4D1E-9849-45DF223D5D73}"
EndProject
Project("{9A19103F-16F7-4668-BE54-9A1E7A4F7556}") = "Get_By_id.tests", "Get_By_id.tests\Get_By_id.tests.csproj", "{5E3DE822-249A-4BD9-91D6-D06C3EA3E9A4}"
EndProject
Project("{2150E333-8FDC-42A3-9474-1A3956D46DE8}") = "tests", "tests", "{8990AE14-5209-4EBD-B93B-3DD8EA836B09}"
EndProject
Project("{2150E333-8FDC-42A3-9474-1A3956D46DE8}") = "Unit tests", "Unit tests", "{15A6D385-5D5A-457E-BD54-2B2D9ABD5A91}"
EndProject
Project("{2150E333-8FDC-42A3-9474-1A3956D46DE8}") = "Integration tests", "Integration tests", "{127FCA23-BD74-440D-A043-9611B974D0F7}"
EndProject
Project("{FAE04EC0-301F-11D3-BF4B-00C04F79EFBC}") = "ToDoApplication.Application.UnitTests", "ToDoApplication.Application.UnitTests\ToDoApplication.Application.UnitTests.csproj", "{A1B647F7-68D8-46B7-95E3-1B53D97D214B}"
EndProject
Global
	GlobalSection(SolutionConfigurationPlatforms) = preSolution
		Debug|Any CPU = Debug|Any CPU
		Release|Any CPU = Release|Any CPU
	EndGlobalSection
	GlobalSection(ProjectConfigurationPlatforms) = postSolution
		{37361903-730E-4A68-ADD6-B1AC57030D6B}.Debug|Any CPU.ActiveCfg = Debug|Any CPU
		{37361903-730E-4A68-ADD6-B1AC57030D6B}.Debug|Any CPU.Build.0 = Debug|Any CPU
		{37361903-730E-4A68-ADD6-B1AC57030D6B}.Release|Any CPU.ActiveCfg = Release|Any CPU
		{37361903-730E-4A68-ADD6-B1AC57030D6B}.Release|Any CPU.Build.0 = Release|Any CPU
		{362F5253-2D65-4156-A153-A731FDD0116B}.Debug|Any CPU.ActiveCfg = Debug|Any CPU
		{362F5253-2D65-4156-A153-A731FDD0116B}.Debug|Any CPU.Build.0 = Debug|Any CPU
		{362F5253-2D65-4156-A153-A731FDD0116B}.Release|Any CPU.ActiveCfg = Release|Any CPU
		{362F5253-2D65-4156-A153-A731FDD0116B}.Release|Any CPU.Build.0 = Release|Any CPU
		{1F1B0176-38F8-45DB-A3EA-8D1F34EAF06D}.Debug|Any CPU.ActiveCfg = Debug|Any CPU
		{1F1B0176-38F8-45DB-A3EA-8D1F34EAF06D}.Debug|Any CPU.Build.0 = Debug|Any CPU
		{1F1B0176-38F8-45DB-A3EA-8D1F34EAF06D}.Release|Any CPU.ActiveCfg = Release|Any CPU
		{1F1B0176-38F8-45DB-A3EA-8D1F34EAF06D}.Release|Any CPU.Build.0 = Release|Any CPU
		{BD943A12-11DE-4D1E-9849-45DF223D5D73}.Debug|Any CPU.ActiveCfg = Debug|Any CPU
		{BD943A12-11DE-4D1E-9849-45DF223D5D73}.Debug|Any CPU.Build.0 = Debug|Any CPU
		{BD943A12-11DE-4D1E-9849-45DF223D5D73}.Release|Any CPU.ActiveCfg = Release|Any CPU
		{BD943A12-11DE-4D1E-9849-45DF223D5D73}.Release|Any CPU.Build.0 = Release|Any CPU
		{5E3DE822-249A-4BD9-91D6-D06C3EA3E9A4}.Debug|Any CPU.ActiveCfg = Debug|Any CPU
		{5E3DE822-249A-4BD9-91D6-D06C3EA3E9A4}.Debug|Any CPU.Build.0 = Debug|Any CPU
		{5E3DE822-249A-4BD9-91D6-D06C3EA3E9A4}.Release|Any CPU.ActiveCfg = Release|Any CPU
		{5E3DE822-249A-4BD9-91D6-D06C3EA3E9A4}.Release|Any CPU.Build.0 = Release|Any CPU
		{A1B647F7-68D8-46B7-95E3-1B53D97D214B}.Debug|Any CPU.ActiveCfg = Debug|Any CPU
		{A1B647F7-68D8-46B7-95E3-1B53D97D214B}.Debug|Any CPU.Build.0 = Debug|Any CPU
		{A1B647F7-68D8-46B7-95E3-1B53D97D214B}.Release|Any CPU.ActiveCfg = Release|Any CPU
		{A1B647F7-68D8-46B7-95E3-1B53D97D214B}.Release|Any CPU.Build.0 = Release|Any CPU
	EndGlobalSection
	GlobalSection(SolutionProperties) = preSolution
		HideSolutionNode = FALSE
	EndGlobalSection
	GlobalSection(NestedProjects) = preSolution
		{37361903-730E-4A68-ADD6-B1AC57030D6B} = {AD4BA1FE-0990-4688-964D-41782D63E11E}
		{362F5253-2D65-4156-A153-A731FDD0116B} = {BF667C1D-60F1-4B9F-8E21-A8ECB5BC60A6}
		{1F1B0176-38F8-45DB-A3EA-8D1F34EAF06D} = {52090F6D-FE63-413F-B429-E7914099999B}
		{BD943A12-11DE-4D1E-9849-45DF223D5D73} = {984293DE-88F3-4314-B09D-D3A78BD415AD}
		{5E3DE822-249A-4BD9-91D6-D06C3EA3E9A4} = {AD4BA1FE-0990-4688-964D-41782D63E11E}
		{15A6D385-5D5A-457E-BD54-2B2D9ABD5A91} = {8990AE14-5209-4EBD-B93B-3DD8EA836B09}
		{127FCA23-BD74-440D-A043-9611B974D0F7} = {8990AE14-5209-4EBD-B93B-3DD8EA836B09}
		{A1B647F7-68D8-46B7-95E3-1B53D97D214B} = {15A6D385-5D5A-457E-BD54-2B2D9ABD5A91}
	EndGlobalSection
	GlobalSection(ExtensibilityGlobals) = postSolution
		SolutionGuid = {A27B6B33-010A-469C-8DAF-F3D4D37457FF}
	EndGlobalSection
EndGlobal
